// !$*UTF8*$!
{
	archiveVersion = 1;
	classes = {
	};
	objectVersion = 46;
	objects = {

/* Begin PBXFileReference section */
		22AE17DD15893E1F00924C8A /* RedVelvet.py */ = {isa = PBXFileReference; fileEncoding = 4; lastKnownFileType = text.script.python; path = RedVelvet.py; sourceTree = "<group>"; };
		22AE17DE15893FD600924C8A /* Metasimian.py */ = {isa = PBXFileReference; fileEncoding = 4; lastKnownFileType = text.script.python; path = Metasimian.py; sourceTree = "<group>"; };
		22AE17DF1589450500924C8A /* Pyllumina.py */ = {isa = PBXFileReference; fileEncoding = 4; lastKnownFileType = text.script.python; path = Pyllumina.py; sourceTree = "<group>"; };
		22AE17E01589452200924C8A /* Logger.py */ = {isa = PBXFileReference; fileEncoding = 4; lastKnownFileType = text.script.python; path = Logger.py; sourceTree = "<group>"; };
		22AE17E1158949E000924C8A /* errormodel-50bp.mconf */ = {isa = PBXFileReference; fileEncoding = 4; lastKnownFileType = text; path = "errormodel-50bp.mconf"; sourceTree = "<group>"; };
		22AE17E2158949E000924C8A /* errormodel-75bp.mconf */ = {isa = PBXFileReference; fileEncoding = 4; lastKnownFileType = text; path = "errormodel-75bp.mconf"; sourceTree = "<group>"; };
		22AE17E3158949E000924C8A /* errormodel-100bp.mconf */ = {isa = PBXFileReference; fileEncoding = 4; lastKnownFileType = text; path = "errormodel-100bp.mconf"; sourceTree = "<group>"; };
		22AE17E4158949E000924C8A /* make_reads_454.sh */ = {isa = PBXFileReference; fileEncoding = 4; lastKnownFileType = text.script.sh; path = make_reads_454.sh; sourceTree = "<group>"; };
		22AE17E5158949E000924C8A /* make_reads_Illumina.sh */ = {isa = PBXFileReference; fileEncoding = 4; lastKnownFileType = text.script.sh; path = make_reads_Illumina.sh; sourceTree = "<group>"; };
/* End PBXFileReference section */

/* Begin PBXGroup section */
		22AE17D015893DF100924C8A = {
			isa = PBXGroup;
			children = (
				22AE17E1158949E000924C8A /* errormodel-50bp.mconf */,
				22AE17E2158949E000924C8A /* errormodel-75bp.mconf */,
				22AE17E3158949E000924C8A /* errormodel-100bp.mconf */,
				22AE17E4158949E000924C8A /* make_reads_454.sh */,
				22AE17E5158949E000924C8A /* make_reads_Illumina.sh */,
				22AE17DE15893FD600924C8A /* Metasimian.py */,
				22AE17DD15893E1F00924C8A /* RedVelvet.py */,
				22AE17DF1589450500924C8A /* Pyllumina.py */,
				22AE17E01589452200924C8A /* Logger.py */,
			);
			sourceTree = "<group>";
		};
/* End PBXGroup section */

/* Begin PBXLegacyTarget section */
		22AE17D715893DF100924C8A /* Pyllumina */ = {
			isa = PBXLegacyTarget;
			buildArgumentsString = "$(ACTION)";
			buildConfigurationList = 22AE17DA15893DF100924C8A /* Build configuration list for PBXLegacyTarget "Pyllumina" */;
			buildPhases = (
			);
			buildToolPath = /usr/bin/python;
			dependencies = (
			);
			name = Pyllumina;
			passBuildSettingsInEnvironment = 1;
			productName = Pyllumina;
		};
/* End PBXLegacyTarget section */

/* Begin PBXProject section */
		22AE17D215893DF100924C8A /* Project object */ = {
			isa = PBXProject;
			attributes = {
				LastUpgradeCheck = 0430;
			};
			buildConfigurationList = 22AE17D515893DF100924C8A /* Build configuration list for PBXProject "Pyllumina" */;
			compatibilityVersion = "Xcode 3.2";
			developmentRegion = English;
			hasScannedForEncodings = 0;
			knownRegions = (
				en,
			);
			mainGroup = 22AE17D015893DF100924C8A;
			projectDirPath = "";
			projectRoot = "";
			targets = (
				22AE17D715893DF100924C8A /* Pyllumina */,
			);
		};
/* End PBXProject section */

/* Begin XCBuildConfiguration section */
		22AE17D815893DF100924C8A /* Debug */ = {
			isa = XCBuildConfiguration;
			buildSettings = {
				ALWAYS_SEARCH_USER_PATHS = NO;
				ARCHS = "$(ARCHS_STANDARD_64_BIT)";
				COPY_PHASE_STRIP = NO;
				GCC_C_LANGUAGE_STANDARD = gnu99;
				GCC_DYNAMIC_NO_PIC = NO;
				GCC_ENABLE_OBJC_EXCEPTIONS = YES;
				GCC_OPTIMIZATION_LEVEL = 0;
				GCC_PREPROCESSOR_DEFINITIONS = (
					"DEBUG=1",
					"$(inherited)",
				);
				GCC_SYMBOLS_PRIVATE_EXTERN = NO;
				GCC_VERSION = com.apple.compilers.llvm.clang.1_0;
				GCC_WARN_64_TO_32_BIT_CONVERSION = YES;
				GCC_WARN_ABOUT_RETURN_TYPE = YES;
				GCC_WARN_UNINITIALIZED_AUTOS = YES;
				GCC_WARN_UNUSED_VARIABLE = YES;
				MACOSX_DEPLOYMENT_TARGET = 10.7;
				ONLY_ACTIVE_ARCH = YES;
				SDKROOT = macosx;
			};
			name = Debug;
		};
		22AE17D915893DF100924C8A /* Release */ = {
			isa = XCBuildConfiguration;
			buildSettings = {
				ALWAYS_SEARCH_USER_PATHS = NO;
				ARCHS = "$(ARCHS_STANDARD_64_BIT)";
				COPY_PHASE_STRIP = YES;
				DEBUG_INFORMATION_FORMAT = "dwarf-with-dsym";
				GCC_C_LANGUAGE_STANDARD = gnu99;
				GCC_ENABLE_OBJC_EXCEPTIONS = YES;
				GCC_VERSION = com.apple.compilers.llvm.clang.1_0;
				GCC_WARN_64_TO_32_BIT_CONVERSION = YES;
				GCC_WARN_ABOUT_RETURN_TYPE = YES;
				GCC_WARN_UNINITIALIZED_AUTOS = YES;
				GCC_WARN_UNUSED_VARIABLE = YES;
				MACOSX_DEPLOYMENT_TARGET = 10.7;
				SDKROOT = macosx;
			};
			name = Release;
		};
		22AE17DB15893DF100924C8A /* Debug */ = {
			isa = XCBuildConfiguration;
			buildSettings = {
				DEBUGGING_SYMBOLS = YES;
				GCC_GENERATE_DEBUGGING_SYMBOLS = YES;
				GCC_OPTIMIZATION_LEVEL = 0;
				OTHER_CFLAGS = "";
				OTHER_LDFLAGS = "";
				PRODUCT_NAME = "$(TARGET_NAME)";
			};
			name = Debug;
		};
		22AE17DC15893DF100924C8A /* Release */ = {
			isa = XCBuildConfiguration;
			buildSettings = {
				OTHER_CFLAGS = "";
				OTHER_LDFLAGS = "";
				PRODUCT_NAME = "$(TARGET_NAME)";
			};
			name = Release;
		};
/* End XCBuildConfiguration section */

/* Begin XCConfigurationList section */
		22AE17D515893DF100924C8A /* Build configuration list for PBXProject "Pyllumina" */ = {
			isa = XCConfigurationList;
			buildConfigurations = (
				22AE17D815893DF100924C8A /* Debug */,
				22AE17D915893DF100924C8A /* Release */,
			);
			defaultConfigurationIsVisible = 0;
			defaultConfigurationName = Release;
		};
		22AE17DA15893DF100924C8A /* Build configuration list for PBXLegacyTarget "Pyllumina" */ = {
			isa = XCConfigurationList;
			buildConfigurations = (
				22AE17DB15893DF100924C8A /* Debug */,
				22AE17DC15893DF100924C8A /* Release */,
			);
			defaultConfigurationIsVisible = 0;
		};
/* End XCConfigurationList section */
	};
	rootObject = 22AE17D215893DF100924C8A /* Project object */;
}
